
Microsoft Visual Studio Solution File, Format Version 12.00
# Visual Studio Version 17
VisualStudioVersion = 17.6.33815.320
MinimumVisualStudioVersion = 10.0.40219.1
Project("{FAE04EC0-301F-11D3-BF4B-00C04F79EFBC}") = "FirstAPIProject(CRUD)", "FirstAPIProject(CRUD)\FirstAPIProject(CRUD).csproj", "{895F9E3E-E920-4385-88D0-4A5172DA0D74}"
EndProject
Project("{FAE04EC0-301F-11D3-BF4B-00C04F79EFBC}") = "Service", "Service\Service.csproj", "{81C05E69-6F53-4FC2-A43C-B0030268C749}"
EndProject
Project("{FAE04EC0-301F-11D3-BF4B-00C04F79EFBC}") = "Domain", "Domain\Domain.csproj", "{84CB1B3C-2161-47AD-8492-78BF6ED5A7C6}"
EndProject
Global
	GlobalSection(SolutionConfigurationPlatforms) = preSolution
		Debug|Any CPU = Debug|Any CPU
		Release|Any CPU = Release|Any CPU
	EndGlobalSection
	GlobalSection(ProjectConfigurationPlatforms) = postSolution
		{895F9E3E-E920-4385-88D0-4A5172DA0D74}.Debug|Any CPU.ActiveCfg = Debug|Any CPU
		{895F9E3E-E920-4385-88D0-4A5172DA0D74}.Debug|Any CPU.Build.0 = Debug|Any CPU
		{895F9E3E-E920-4385-88D0-4A5172DA0D74}.Release|Any CPU.ActiveCfg = Release|Any CPU
		{895F9E3E-E920-4385-88D0-4A5172DA0D74}.Release|Any CPU.Build.0 = Release|Any CPU
		{81C05E69-6F53-4FC2-A43C-B0030268C749}.Debug|Any CPU.ActiveCfg = Debug|Any CPU
		{81C05E69-6F53-4FC2-A43C-B0030268C749}.Debug|Any CPU.Build.0 = Debug|Any CPU
		{81C05E69-6F53-4FC2-A43C-B0030268C749}.Release|Any CPU.ActiveCfg = Release|Any CPU
		{81C05E69-6F53-4FC2-A43C-B0030268C749}.Release|Any CPU.Build.0 = Release|Any CPU
		{84CB1B3C-2161-47AD-8492-78BF6ED5A7C6}.Debug|Any CPU.ActiveCfg = Debug|Any CPU
		{84CB1B3C-2161-47AD-8492-78BF6ED5A7C6}.Debug|Any CPU.Build.0 = Debug|Any CPU
		{84CB1B3C-2161-47AD-8492-78BF6ED5A7C6}.Release|Any CPU.ActiveCfg = Release|Any CPU
		{84CB1B3C-2161-47AD-8492-78BF6ED5A7C6}.Release|Any CPU.Build.0 = Release|Any CPU
	EndGlobalSection
	GlobalSection(SolutionProperties) = preSolution
		HideSolutionNode = FALSE
	EndGlobalSection
	GlobalSection(ExtensibilityGlobals) = postSolution
		SolutionGuid = {BCD1B54B-830C-4AC3-B6E5-FF39B1A5E15B}
	EndGlobalSection
EndGlobal
